<?xml version="1.0" encoding="utf-8"?>
<Project ToolsVersion="4.0" xmlns="http://schemas.microsoft.com/developer/msbuild/2003">
  <ItemGroup>
    <Filter Include="來源檔案">
      <UniqueIdentifier>{4FC737F1-C7A5-4376-A066-2A32D752A2FF}</UniqueIdentifier>
      <Extensions>cpp;c;cc;cxx;c++;cppm;ixx;def;odl;idl;hpj;bat;asm;asmx</Extensions>
    </Filter>
    <Filter Include="標頭檔">
      <UniqueIdentifier>{93995380-89BD-4b04-88EB-625FBE52EBFB}</UniqueIdentifier>
      <Extensions>h;hh;hpp;hxx;h++;hm;inl;inc;ipp;xsd</Extensions>
    </Filter>
    <Filter Include="資源檔">
      <UniqueIdentifier>{67DA6AB6-F800-4c08-8B7A-83BB121AAD01}</UniqueIdentifier>
      <Extensions>rc;ico;cur;bmp;dlg;rc2;rct;bin;rgs;gif;jpg;jpeg;jpe;resx;tiff;tif;png;wav;mfcribbon-ms</Extensions>
    </Filter>
  </ItemGroup>
  <ItemGroup>
    <ClCompile Include="cpp-rpg.cpp">
      <Filter>來源檔案</Filter>
    </ClCompile>
    <ClCompile Include="armor.cpp">
      <Filter>來源檔案</Filter>
    </ClCompile>
    <ClCompile Include="monsterArmor.cpp">
      <Filter>來源檔案</Filter>
    </ClCompile>
    <ClCompile Include="monsterWeapon.cpp">
      <Filter>來源檔案</Filter>
    </ClCompile>
    <ClCompile Include="warriorArmor.cpp">
      <Filter>來源檔案</Filter>
    </ClCompile>
    <ClCompile Include="warriorWeapon.cpp">
      <Filter>來源檔案</Filter>
    </ClCompile>
    <ClCompile Include="weapon.cpp">
      <Filter>來源檔案</Filter>
    </ClCompile>
    <ClCompile Include="wizardArmor.cpp">
      <Filter>來源檔案</Filter>
    </ClCompile>
    <ClCompile Include="wizardWeapon.cpp">
      <Filter>來源檔案</Filter>
    </ClCompile>
    <ClCompile Include="character.cpp">
      <Filter>來源檔案</Filter>
    </ClCompile>
    <ClCompile Include="characterFactory.cpp">
      <Filter>來源檔案</Filter>
    </ClCompile>
  </ItemGroup>
  <ItemGroup>
    <ClInclude Include="armor.h">
      <Filter>標頭檔</Filter>
    </ClInclude>
    <ClInclude Include="monsterArmor.h">
      <Filter>標頭檔</Filter>
    </ClInclude>
    <ClInclude Include="monsterWeapon.h">
      <Filter>標頭檔</Filter>
    </ClInclude>
    <ClInclude Include="warriorArmor.h">
      <Filter>標頭檔</Filter>
    </ClInclude>
    <ClInclude Include="warriorWeapon.h">
      <Filter>標頭檔</Filter>
    </ClInclude>
    <ClInclude Include="weapon.h">
      <Filter>標頭檔</Filter>
    </ClInclude>
    <ClInclude Include="wizardArmor.h">
      <Filter>標頭檔</Filter>
    </ClInclude>
    <ClInclude Include="wizardWeapon.h">
      <Filter>標頭檔</Filter>
    </ClInclude>
    <ClInclude Include="character.h">
      <Filter>標頭檔</Filter>
    </ClInclude>
    <ClInclude Include="monster.h">
      <Filter>標頭檔</Filter>
    </ClInclude>
    <ClInclude Include="warrior.h">
      <Filter>標頭檔</Filter>
    </ClInclude>
    <ClInclude Include="wizzard.h">
      <Filter>標頭檔</Filter>
    </ClInclude>
    <ClInclude Include="characterFactory.h">
      <Filter>標頭檔</Filter>
    </ClInclude>
    <ClInclude Include="weaponStore.h">
      <Filter>標頭檔</Filter>
    </ClInclude>
    <ClInclude Include="warriorWeaponStore.h">
      <Filter>標頭檔</Filter>
    </ClInclude>
  </ItemGroup>
</Project>